
Microsoft Visual Studio Solution File, Format Version 12.00
# Visual Studio Version 16
VisualStudioVersion = 16.0.28407.52
MinimumVisualStudioVersion = 10.0.40219.1
Project("{9A19103F-16F7-4668-BE54-9A1E7A4F7556}") = "WpfAppNetCoreUrunAnahtari", "WpfAppNetCoreUrunAnahtari\WpfAppNetCoreUrunAnahtari.csproj", "{CD987AD0-642D-45C2-B469-DCE8138086EE}"
EndProject
Project("{FAE04EC0-301F-11D3-BF4B-00C04F79EFBC}") = "NetCoreUrunAnahatari.Core", "NetCoreUrunAnahatari.Core\NetCoreUrunAnahatari.Core.csproj", "{B031F82A-01D0-497E-9C6D-4F45DC399EDA}"
EndProject
Global
	GlobalSection(SolutionConfigurationPlatforms) = preSolution
		Debug|Any CPU = Debug|Any CPU
		Release|Any CPU = Release|Any CPU
	EndGlobalSection
	GlobalSection(ProjectConfigurationPlatforms) = postSolution
		{CD987AD0-642D-45C2-B469-DCE8138086EE}.Debug|Any CPU.ActiveCfg = Debug|Any CPU
		{CD987AD0-642D-45C2-B469-DCE8138086EE}.Debug|Any CPU.Build.0 = Debug|Any CPU
		{CD987AD0-642D-45C2-B469-DCE8138086EE}.Release|Any CPU.ActiveCfg = Release|Any CPU
		{CD987AD0-642D-45C2-B469-DCE8138086EE}.Release|Any CPU.Build.0 = Release|Any CPU
		{B031F82A-01D0-497E-9C6D-4F45DC399EDA}.Debug|Any CPU.ActiveCfg = Debug|Any CPU
		{B031F82A-01D0-497E-9C6D-4F45DC399EDA}.Debug|Any CPU.Build.0 = Debug|Any CPU
		{B031F82A-01D0-497E-9C6D-4F45DC399EDA}.Release|Any CPU.ActiveCfg = Release|Any CPU
		{B031F82A-01D0-497E-9C6D-4F45DC399EDA}.Release|Any CPU.Build.0 = Release|Any CPU
	EndGlobalSection
	GlobalSection(SolutionProperties) = preSolution
		HideSolutionNode = FALSE
	EndGlobalSection
	GlobalSection(ExtensibilityGlobals) = postSolution
		SolutionGuid = {0619605A-8FE4-4457-9D39-85D65781F02E}
	EndGlobalSection
EndGlobal
